
Microsoft Visual Studio Solution File, Format Version 12.00
# Visual Studio Version 17
VisualStudioVersion = 17.5.002.0
MinimumVisualStudioVersion = 10.0.40219.1
Project("{2150E333-8FDC-42A3-9474-1A3956D46DE8}") = "Answers", "Answers", "{E02BEFEE-F1C6-4493-9FEC-FAFFAD1D6795}"
EndProject
Project("{2150E333-8FDC-42A3-9474-1A3956D46DE8}") = "Day02", "Day02", "{D5B9283F-2B4C-4FC4-B8D8-454C31C03CF2}"
EndProject
Project("{9A19103F-16F7-4668-BE54-9A1E7A4F7556}") = "ValidPalindrome", "Answers\Day02\ValidPalindrome\ValidPalindrome.csproj", "{F6768311-7F7D-4597-8D8A-A34721923315}"
EndProject
Global
	GlobalSection(SolutionConfigurationPlatforms) = preSolution
		Debug|Any CPU = Debug|Any CPU
		Release|Any CPU = Release|Any CPU
	EndGlobalSection
	GlobalSection(ProjectConfigurationPlatforms) = postSolution
		{F6768311-7F7D-4597-8D8A-A34721923315}.Debug|Any CPU.ActiveCfg = Debug|Any CPU
		{F6768311-7F7D-4597-8D8A-A34721923315}.Debug|Any CPU.Build.0 = Debug|Any CPU
		{F6768311-7F7D-4597-8D8A-A34721923315}.Release|Any CPU.ActiveCfg = Release|Any CPU
		{F6768311-7F7D-4597-8D8A-A34721923315}.Release|Any CPU.Build.0 = Release|Any CPU
	EndGlobalSection
	GlobalSection(SolutionProperties) = preSolution
		HideSolutionNode = FALSE
	EndGlobalSection
	GlobalSection(NestedProjects) = preSolution
		{D5B9283F-2B4C-4FC4-B8D8-454C31C03CF2} = {E02BEFEE-F1C6-4493-9FEC-FAFFAD1D6795}
		{F6768311-7F7D-4597-8D8A-A34721923315} = {D5B9283F-2B4C-4FC4-B8D8-454C31C03CF2}
	EndGlobalSection
	GlobalSection(ExtensibilityGlobals) = postSolution
		SolutionGuid = {0D9F470F-E6CA-48F4-BB4E-E1C3BDFC8AB0}
	EndGlobalSection
EndGlobal
